
Microsoft Visual Studio Solution File, Format Version 12.00
# Visual Studio Version 16
VisualStudioVersion = 16.0.33801.447
MinimumVisualStudioVersion = 10.0.40219.1
Project("{FAE04EC0-301F-11D3-BF4B-00C04F79EFBC}") = "Ejercicio2", "Ejercicio2\Ejercicio2.csproj", "{239192CB-9D7F-4E0B-B1FB-DD3250F5FCFB}"
EndProject
Global
	GlobalSection(SolutionConfigurationPlatforms) = preSolution
		Debug|Any CPU = Debug|Any CPU
		Release|Any CPU = Release|Any CPU
	EndGlobalSection
	GlobalSection(ProjectConfigurationPlatforms) = postSolution
		{239192CB-9D7F-4E0B-B1FB-DD3250F5FCFB}.Debug|Any CPU.ActiveCfg = Debug|Any CPU
		{239192CB-9D7F-4E0B-B1FB-DD3250F5FCFB}.Debug|Any CPU.Build.0 = Debug|Any CPU
		{239192CB-9D7F-4E0B-B1FB-DD3250F5FCFB}.Release|Any CPU.ActiveCfg = Release|Any CPU
		{239192CB-9D7F-4E0B-B1FB-DD3250F5FCFB}.Release|Any CPU.Build.0 = Release|Any CPU
	EndGlobalSection
	GlobalSection(SolutionProperties) = preSolution
		HideSolutionNode = FALSE
	EndGlobalSection
	GlobalSection(ExtensibilityGlobals) = postSolution
		SolutionGuid = {9502509D-8F95-467F-877B-443514FBA637}
	EndGlobalSection
EndGlobal
